
Microsoft Visual Studio Solution File, Format Version 12.00
# Visual Studio Version 17
VisualStudioVersion = 17.4.33213.308
MinimumVisualStudioVersion = 10.0.40219.1
Project("{FAE04EC0-301F-11D3-BF4B-00C04F79EFBC}") = "sharpDatabase", "sharpDatabase\sharpDatabase.csproj", "{81455A47-F4BC-4AD2-ACDE-64ED7241B316}"
EndProject
Global
	GlobalSection(SolutionConfigurationPlatforms) = preSolution
		Debug|Any CPU = Debug|Any CPU
		Release|Any CPU = Release|Any CPU
	EndGlobalSection
	GlobalSection(ProjectConfigurationPlatforms) = postSolution
		{81455A47-F4BC-4AD2-ACDE-64ED7241B316}.Debug|Any CPU.ActiveCfg = Debug|Any CPU
		{81455A47-F4BC-4AD2-ACDE-64ED7241B316}.Debug|Any CPU.Build.0 = Debug|Any CPU
		{81455A47-F4BC-4AD2-ACDE-64ED7241B316}.Release|Any CPU.ActiveCfg = Release|Any CPU
		{81455A47-F4BC-4AD2-ACDE-64ED7241B316}.Release|Any CPU.Build.0 = Release|Any CPU
	EndGlobalSection
	GlobalSection(SolutionProperties) = preSolution
		HideSolutionNode = FALSE
	EndGlobalSection
	GlobalSection(ExtensibilityGlobals) = postSolution
		SolutionGuid = {8A53A04C-1895-48E3-8400-906607BD3905}
	EndGlobalSection
EndGlobal
